
Microsoft Visual Studio Solution File, Format Version 12.00
# Visual Studio Version 16
VisualStudioVersion = 16.0.32002.261
MinimumVisualStudioVersion = 10.0.40219.1
Project("{8BC9CEB8-8B4A-11D0-8D11-00A0C91BC942}") = "DateTimeGroup", "DateTimeGroup\DateTimeGroup.vcxproj", "{01FAAA63-BC79-44B5-97D2-115E45B5C129}"
EndProject
Global
	GlobalSection(SolutionConfigurationPlatforms) = preSolution
		Debug|x64 = Debug|x64
		Debug|x86 = Debug|x86
		Release|x64 = Release|x64
		Release|x86 = Release|x86
	EndGlobalSection
	GlobalSection(ProjectConfigurationPlatforms) = postSolution
		{01FAAA63-BC79-44B5-97D2-115E45B5C129}.Debug|x64.ActiveCfg = Debug|x64
		{01FAAA63-BC79-44B5-97D2-115E45B5C129}.Debug|x64.Build.0 = Debug|x64
		{01FAAA63-BC79-44B5-97D2-115E45B5C129}.Debug|x86.ActiveCfg = Debug|Win32
		{01FAAA63-BC79-44B5-97D2-115E45B5C129}.Debug|x86.Build.0 = Debug|Win32
		{01FAAA63-BC79-44B5-97D2-115E45B5C129}.Release|x64.ActiveCfg = Release|x64
		{01FAAA63-BC79-44B5-97D2-115E45B5C129}.Release|x64.Build.0 = Release|x64
		{01FAAA63-BC79-44B5-97D2-115E45B5C129}.Release|x86.ActiveCfg = Release|Win32
		{01FAAA63-BC79-44B5-97D2-115E45B5C129}.Release|x86.Build.0 = Release|Win32
	EndGlobalSection
	GlobalSection(SolutionProperties) = preSolution
		HideSolutionNode = FALSE
	EndGlobalSection
	GlobalSection(ExtensibilityGlobals) = postSolution
		SolutionGuid = {EB9E552A-783B-4F3E-B043-CCB46757721D}
	EndGlobalSection
EndGlobal
